
Microsoft Visual Studio Solution File, Format Version 12.00
# Visual Studio Version 16
VisualStudioVersion = 16.0.30204.135
MinimumVisualStudioVersion = 10.0.40219.1
Project("{9A19103F-16F7-4668-BE54-9A1E7A4F7556}") = "DemoSingleton", "DemoSingleton\DemoSingleton.csproj", "{4747293F-EC31-4AD3-BAE1-FB2EDB899AD9}"
EndProject
Project("{9A19103F-16F7-4668-BE54-9A1E7A4F7556}") = "Model.Services", "Model.Services\Model.Services.csproj", "{D4DBCE96-2968-4BBD-9FD8-5BA4D2FB5006}"
EndProject
Project("{9A19103F-16F7-4668-BE54-9A1E7A4F7556}") = "Model.Repositories", "Model.Repositories\Model.Repositories.csproj", "{DE322AE0-16E4-42F7-A3FE-B6CF2DB529B5}"
EndProject
Project("{9A19103F-16F7-4668-BE54-9A1E7A4F7556}") = "ToolBox", "ToolBox\ToolBox.csproj", "{2E0640CA-C963-40DD-BF15-21A9CD0B8E26}"
EndProject
Project("{FAE04EC0-301F-11D3-BF4B-00C04F79EFBC}") = "DemoAppWebCore", "DemoAppWebCore\DemoAppWebCore.csproj", "{D501FF44-2CE3-4CD5-8820-31FC332C6865}"
EndProject
Global
	GlobalSection(SolutionConfigurationPlatforms) = preSolution
		Debug|Any CPU = Debug|Any CPU
		Release|Any CPU = Release|Any CPU
	EndGlobalSection
	GlobalSection(ProjectConfigurationPlatforms) = postSolution
		{4747293F-EC31-4AD3-BAE1-FB2EDB899AD9}.Debug|Any CPU.ActiveCfg = Debug|Any CPU
		{4747293F-EC31-4AD3-BAE1-FB2EDB899AD9}.Debug|Any CPU.Build.0 = Debug|Any CPU
		{4747293F-EC31-4AD3-BAE1-FB2EDB899AD9}.Release|Any CPU.ActiveCfg = Release|Any CPU
		{4747293F-EC31-4AD3-BAE1-FB2EDB899AD9}.Release|Any CPU.Build.0 = Release|Any CPU
		{D4DBCE96-2968-4BBD-9FD8-5BA4D2FB5006}.Debug|Any CPU.ActiveCfg = Debug|Any CPU
		{D4DBCE96-2968-4BBD-9FD8-5BA4D2FB5006}.Debug|Any CPU.Build.0 = Debug|Any CPU
		{D4DBCE96-2968-4BBD-9FD8-5BA4D2FB5006}.Release|Any CPU.ActiveCfg = Release|Any CPU
		{D4DBCE96-2968-4BBD-9FD8-5BA4D2FB5006}.Release|Any CPU.Build.0 = Release|Any CPU
		{DE322AE0-16E4-42F7-A3FE-B6CF2DB529B5}.Debug|Any CPU.ActiveCfg = Debug|Any CPU
		{DE322AE0-16E4-42F7-A3FE-B6CF2DB529B5}.Debug|Any CPU.Build.0 = Debug|Any CPU
		{DE322AE0-16E4-42F7-A3FE-B6CF2DB529B5}.Release|Any CPU.ActiveCfg = Release|Any CPU
		{DE322AE0-16E4-42F7-A3FE-B6CF2DB529B5}.Release|Any CPU.Build.0 = Release|Any CPU
		{2E0640CA-C963-40DD-BF15-21A9CD0B8E26}.Debug|Any CPU.ActiveCfg = Debug|Any CPU
		{2E0640CA-C963-40DD-BF15-21A9CD0B8E26}.Debug|Any CPU.Build.0 = Debug|Any CPU
		{2E0640CA-C963-40DD-BF15-21A9CD0B8E26}.Release|Any CPU.ActiveCfg = Release|Any CPU
		{2E0640CA-C963-40DD-BF15-21A9CD0B8E26}.Release|Any CPU.Build.0 = Release|Any CPU
		{D501FF44-2CE3-4CD5-8820-31FC332C6865}.Debug|Any CPU.ActiveCfg = Debug|Any CPU
		{D501FF44-2CE3-4CD5-8820-31FC332C6865}.Debug|Any CPU.Build.0 = Debug|Any CPU
		{D501FF44-2CE3-4CD5-8820-31FC332C6865}.Release|Any CPU.ActiveCfg = Release|Any CPU
		{D501FF44-2CE3-4CD5-8820-31FC332C6865}.Release|Any CPU.Build.0 = Release|Any CPU
	EndGlobalSection
	GlobalSection(SolutionProperties) = preSolution
		HideSolutionNode = FALSE
	EndGlobalSection
	GlobalSection(ExtensibilityGlobals) = postSolution
		SolutionGuid = {EB1E082B-6307-41D8-858D-ACF4C3FD9F90}
	EndGlobalSection
EndGlobal
